<?xml version="1.0" encoding="utf-8"?>
<Project ToolsVersion="4.0" xmlns="http://schemas.microsoft.com/developer/msbuild/2003">
  <ItemGroup>
    <Filter Include="Исходные файлы">
      <UniqueIdentifier>{4FC737F1-C7A5-4376-A066-2A32D752A2FF}</UniqueIdentifier>
      <Extensions>cpp;c;cc;cxx;c++;cppm;ixx;def;odl;idl;hpj;bat;asm;asmx</Extensions>
    </Filter>
    <Filter Include="Файлы заголовков">
      <UniqueIdentifier>{93995380-89BD-4b04-88EB-625FBE52EBFB}</UniqueIdentifier>
      <Extensions>h;hh;hpp;hxx;h++;hm;inl;inc;ipp;xsd</Extensions>
    </Filter>
    <Filter Include="Файлы ресурсов">
      <UniqueIdentifier>{67DA6AB6-F800-4c08-8B7A-83BB121AAD01}</UniqueIdentifier>
      <Extensions>rc;ico;cur;bmp;dlg;rc2;rct;bin;rgs;gif;jpg;jpeg;jpe;resx;tiff;tif;png;wav;mfcribbon-ms</Extensions>
    </Filter>
    <Filter Include="MBR">
      <UniqueIdentifier>{e0832692-994d-49d3-b0fa-5bf35bafd1e6}</UniqueIdentifier>
    </Filter>
  </ItemGroup>
  <ItemGroup>
    <ClCompile Include="Vhdx.cpp">
      <Filter>Исходные файлы</Filter>
    </ClCompile>
  </ItemGroup>
  <ItemGroup>
    <ResourceCompile Include="C:\Users\sereg\Desktop\resource.rc">
      <Filter>Файлы ресурсов</Filter>
    </ResourceCompile>
  </ItemGroup>
  <ItemGroup>
    <Image Include="C:\Users\sereg\Desktop\App.ico">
      <Filter>Файлы ресурсов</Filter>
    </Image>
    <Image Include="E:\MBR\nasm.ico">
      <Filter>MBR</Filter>
    </Image>
  </ItemGroup>
  <ItemGroup>
    <None Include="E:\MBR\bootrec.img">
      <Filter>MBR</Filter>
    </None>
    <None Include="E:\MBR\compile.bat">
      <Filter>MBR</Filter>
    </None>
    <None Include="E:\MBR\ldrdf.exe">
      <Filter>MBR</Filter>
    </None>
    <None Include="E:\MBR\LICENSE">
      <Filter>MBR</Filter>
    </None>
    <None Include="E:\MBR\mbr.asm">
      <Filter>MBR</Filter>
    </None>
    <None Include="E:\MBR\nasm.exe">
      <Filter>MBR</Filter>
    </None>
    <None Include="E:\MBR\nasmdoc.pdf">
      <Filter>MBR</Filter>
    </None>
    <None Include="E:\MBR\nasmpath.bat">
      <Filter>MBR</Filter>
    </None>
    <None Include="E:\MBR\ndisasm.exe">
      <Filter>MBR</Filter>
    </None>
    <None Include="E:\MBR\rdf2bin.exe">
      <Filter>MBR</Filter>
    </None>
    <None Include="E:\MBR\rdf2com.exe">
      <Filter>MBR</Filter>
    </None>
    <None Include="E:\MBR\rdf2ihx.exe">
      <Filter>MBR</Filter>
    </None>
    <None Include="E:\MBR\rdf2ith.exe">
      <Filter>MBR</Filter>
    </None>
    <None Include="E:\MBR\rdf2srec.exe">
      <Filter>MBR</Filter>
    </None>
    <None Include="E:\MBR\rdfdump.exe">
      <Filter>MBR</Filter>
    </None>
    <None Include="E:\MBR\rdflib.exe">
      <Filter>MBR</Filter>
    </None>
    <None Include="E:\MBR\Uninstall.exe">
      <Filter>MBR</Filter>
    </None>
  </ItemGroup>
  <ItemGroup>
    <ClInclude Include="..\bootrec.h">
      <Filter>Файлы заголовков</Filter>
    </ClInclude>
    <ClInclude Include="bootrec.h">
      <Filter>Файлы ресурсов</Filter>
    </ClInclude>
  </ItemGroup>
</Project>